// !$*UTF8*$!
{
	archiveVersion = 1;
	classes = {
	};
	objectVersion = 46;
	objects = {

/* Begin PBXBuildFile section */
		AAA938921D67605F009EDA35 /* AppDelegate.swift in Sources */ = {isa = PBXBuildFile; fileRef = AAA938911D67605F009EDA35 /* AppDelegate.swift */; };
		AAA938941D67605F009EDA35 /* ViewController.swift in Sources */ = {isa = PBXBuildFile; fileRef = AAA938931D67605F009EDA35 /* ViewController.swift */; };
		AAA938971D67605F009EDA35 /* Main.storyboard in Resources */ = {isa = PBXBuildFile; fileRef = AAA938951D67605F009EDA35 /* Main.storyboard */; };
		AAA938991D67605F009EDA35 /* Assets.xcassets in Resources */ = {isa = PBXBuildFile; fileRef = AAA938981D67605F009EDA35 /* Assets.xcassets */; };
		AAA9389C1D67605F009EDA35 /* LaunchScreen.storyboard in Resources */ = {isa = PBXBuildFile; fileRef = AAA9389A1D67605F009EDA35 /* LaunchScreen.storyboard */; };
		AAA938A71D67605F009EDA35 /* iOSFunTests.swift in Sources */ = {isa = PBXBuildFile; fileRef = AAA938A61D67605F009EDA35 /* iOSFunTests.swift */; };
/* End PBXBuildFile section */

/* Begin PBXContainerItemProxy section */
		AAA938A31D67605F009EDA35 /* PBXContainerItemProxy */ = {
			isa = PBXContainerItemProxy;
			containerPortal = AAA938861D67605E009EDA35 /* Project object */;
			proxyType = 1;
			remoteGlobalIDString = AAA9388D1D67605E009EDA35;
			remoteInfo = iOSFun;
		};
/* End PBXContainerItemProxy section */

/* Begin PBXFileReference section */
		AAA9388E1D67605F009EDA35 /* iOSFun.app */ = {isa = PBXFileReference; explicitFileType = wrapper.application; includeInIndex = 0; path = iOSFun.app; sourceTree = BUILT_PRODUCTS_DIR; };
		AAA938911D67605F009EDA35 /* AppDelegate.swift */ = {isa = PBXFileReference; lastKnownFileType = sourcecode.swift; path = AppDelegate.swift; sourceTree = "<group>"; };
		AAA938931D67605F009EDA35 /* ViewController.swift */ = {isa = PBXFileReference; lastKnownFileType = sourcecode.swift; path = ViewController.swift; sourceTree = "<group>"; };
		AAA938961D67605F009EDA35 /* Base */ = {isa = PBXFileReference; lastKnownFileType = file.storyboard; name = Base; path = Base.lproj/Main.storyboard; sourceTree = "<group>"; };
		AAA938981D67605F009EDA35 /* Assets.xcassets */ = {isa = PBXFileReference; lastKnownFileType = folder.assetcatalog; path = Assets.xcassets; sourceTree = "<group>"; };
		AAA9389B1D67605F009EDA35 /* Base */ = {isa = PBXFileReference; lastKnownFileType = file.storyboard; name = Base; path = Base.lproj/LaunchScreen.storyboard; sourceTree = "<group>"; };
		AAA9389D1D67605F009EDA35 /* Info.plist */ = {isa = PBXFileReference; lastKnownFileType = text.plist.xml; path = Info.plist; sourceTree = "<group>"; };
		AAA938A21D67605F009EDA35 /* iOSFunTests.xctest */ = {isa = PBXFileReference; explicitFileType = wrapper.cfbundle; includeInIndex = 0; path = iOSFunTests.xctest; sourceTree = BUILT_PRODUCTS_DIR; };
		AAA938A61D67605F009EDA35 /* iOSFunTests.swift */ = {isa = PBXFileReference; lastKnownFileType = sourcecode.swift; path = iOSFunTests.swift; sourceTree = "<group>"; };
		AAA938A81D67605F009EDA35 /* Info.plist */ = {isa = PBXFileReference; lastKnownFileType = text.plist.xml; path = Info.plist; sourceTree = "<group>"; };
/* End PBXFileReference section */

/* Begin PBXFrameworksBuildPhase section */
		AAA9388B1D67605E009EDA35 /* Frameworks */ = {
			isa = PBXFrameworksBuildPhase;
			buildActionMask = 2147483647;
			files = (
			);
			runOnlyForDeploymentPostprocessing = 0;
		};
		AAA9389F1D67605F009EDA35 /* Frameworks */ = {
			isa = PBXFrameworksBuildPhase;
			buildActionMask = 2147483647;
			files = (
			);
			runOnlyForDeploymentPostprocessing = 0;
		};
/* End PBXFrameworksBuildPhase section */

/* Begin PBXGroup section */
		AAA938851D67605E009EDA35 = {
			isa = PBXGroup;
			children = (
				AAA938901D67605F009EDA35 /* iOSFun */,
				AAA938A51D67605F009EDA35 /* iOSFunTests */,
				AAA9388F1D67605F009EDA35 /* Products */,
			);
			sourceTree = "<group>";
		};
		AAA9388F1D67605F009EDA35 /* Products */ = {
			isa = PBXGroup;
			children = (
				AAA9388E1D67605F009EDA35 /* iOSFun.app */,
				AAA938A21D67605F009EDA35 /* iOSFunTests.xctest */,
			);
			name = Products;
			sourceTree = "<group>";
		};
		AAA938901D67605F009EDA35 /* iOSFun */ = {
			isa = PBXGroup;
			children = (
				AAA938911D67605F009EDA35 /* AppDelegate.swift */,
				AAA938931D67605F009EDA35 /* ViewController.swift */,
				AAA938951D67605F009EDA35 /* Main.storyboard */,
				AAA938981D67605F009EDA35 /* Assets.xcassets */,
				AAA9389A1D67605F009EDA35 /* LaunchScreen.storyboard */,
				AAA9389D1D67605F009EDA35 /* Info.plist */,
			);
			path = iOSFun;
			sourceTree = "<group>";
		};
		AAA938A51D67605F009EDA35 /* iOSFunTests */ = {
			isa = PBXGroup;
			children = (
				AAA938A61D67605F009EDA35 /* iOSFunTests.swift */,
				AAA938A81D67605F009EDA35 /* Info.plist */,
			);
			path = iOSFunTests;
			sourceTree = "<group>";
		};
/* End PBXGroup section */

/* Begin PBXNativeTarget section */
		AAA9388D1D67605E009EDA35 /* iOSFun */ = {
			isa = PBXNativeTarget;
			buildConfigurationList = AAA938AB1D67605F009EDA35 /* Build configuration list for PBXNativeTarget "iOSFun" */;
			buildPhases = (
				AAA9388A1D67605E009EDA35 /* Sources */,
				AAA9388B1D67605E009EDA35 /* Frameworks */,
				AAA9388C1D67605E009EDA35 /* Resources */,
			);
			buildRules = (
			);
			dependencies = (
			);
			name = iOSFun;
			productName = iOSFun;
			productReference = AAA9388E1D67605F009EDA35 /* iOSFun.app */;
			productType = "com.apple.product-type.application";
		};
		AAA938A11D67605F009EDA35 /* iOSFunTests */ = {
			isa = PBXNativeTarget;
			buildConfigurationList = AAA938AE1D67605F009EDA35 /* Build configuration list for PBXNativeTarget "iOSFunTests" */;
			buildPhases = (
				AAA9389E1D67605F009EDA35 /* Sources */,
				AAA9389F1D67605F009EDA35 /* Frameworks */,
				AAA938A01D67605F009EDA35 /* Resources */,
			);
			buildRules = (
			);
			dependencies = (
				AAA938A41D67605F009EDA35 /* PBXTargetDependency */,
			);
			name = iOSFunTests;
			productName = iOSFunTests;
			productReference = AAA938A21D67605F009EDA35 /* iOSFunTests.xctest */;
			productType = "com.apple.product-type.bundle.unit-test";
		};
/* End PBXNativeTarget section */

/* Begin PBXProject section */
		AAA938861D67605E009EDA35 /* Project object */ = {
			isa = PBXProject;
			attributes = {
				LastSwiftUpdateCheck = 0730;
				LastUpgradeCheck = 0730;
				ORGANIZATIONNAME = "Pat dale";
				TargetAttributes = {
					AAA9388D1D67605E009EDA35 = {
						CreatedOnToolsVersion = 7.3.1;
					};
					AAA938A11D67605F009EDA35 = {
						CreatedOnToolsVersion = 7.3.1;
						TestTargetID = AAA9388D1D67605E009EDA35;
					};
				};
			};
			buildConfigurationList = AAA938891D67605E009EDA35 /* Build configuration list for PBXProject "iOSFun" */;
			compatibilityVersion = "Xcode 3.2";
			developmentRegion = English;
			hasScannedForEncodings = 0;
			knownRegions = (
				en,
				Base,
			);
			mainGroup = AAA938851D67605E009EDA35;
			productRefGroup = AAA9388F1D67605F009EDA35 /* Products */;
			projectDirPath = "";
			projectRoot = "";
			targets = (
				AAA9388D1D67605E009EDA35 /* iOSFun */,
				AAA938A11D67605F009EDA35 /* iOSFunTests */,
			);
		};
/* End PBXProject section */

/* Begin PBXResourcesBuildPhase section */
		AAA9388C1D67605E009EDA35 /* Resources */ = {
			isa = PBXResourcesBuildPhase;
			buildActionMask = 2147483647;
			files = (
				AAA9389C1D67605F009EDA35 /* LaunchScreen.storyboard in Resources */,
				AAA938991D67605F009EDA35 /* Assets.xcassets in Resources */,
				AAA938971D67605F009EDA35 /* Main.storyboard in Resources */,
			);
			runOnlyForDeploymentPostprocessing = 0;
		};
		AAA938A01D67605F009EDA35 /* Resources */ = {
			isa = PBXResourcesBuildPhase;
			buildActionMask = 2147483647;
			files = (
			);
			runOnlyForDeploymentPostprocessing = 0;
		};
/* End PBXResourcesBuildPhase section */

/* Begin PBXSourcesBuildPhase section */
		AAA9388A1D67605E009EDA35 /* Sources */ = {
			isa = PBXSourcesBuildPhase;
			buildActionMask = 2147483647;
			files = (
				AAA938941D67605F009EDA35 /* ViewController.swift in Sources */,
				AAA938921D67605F009EDA35 /* AppDelegate.swift in Sources */,
			);
			runOnlyForDeploymentPostprocessing = 0;
		};
		AAA9389E1D67605F009EDA35 /* Sources */ = {
			isa = PBXSourcesBuildPhase;
			buildActionMask = 2147483647;
			files = (
				AAA938A71D67605F009EDA35 /* iOSFunTests.swift in Sources */,
			);
			runOnlyForDeploymentPostprocessing = 0;
		};
/* End PBXSourcesBuildPhase section */

/* Begin PBXTargetDependency section */
		AAA938A41D67605F009EDA35 /* PBXTargetDependency */ = {
			isa = PBXTargetDependency;
			target = AAA9388D1D67605E009EDA35 /* iOSFun */;
			targetProxy = AAA938A31D67605F009EDA35 /* PBXContainerItemProxy */;
		};
/* End PBXTargetDependency section */

/* Begin PBXVariantGroup section */
		AAA938951D67605F009EDA35 /* Main.storyboard */ = {
			isa = PBXVariantGroup;
			children = (
				AAA938961D67605F009EDA35 /* Base */,
			);
			name = Main.storyboard;
			sourceTree = "<group>";
		};
		AAA9389A1D67605F009EDA35 /* LaunchScreen.storyboard */ = {
			isa = PBXVariantGroup;
			children = (
				AAA9389B1D67605F009EDA35 /* Base */,
			);
			name = LaunchScreen.storyboard;
			sourceTree = "<group>";
		};
/* End PBXVariantGroup section */

/* Begin XCBuildConfiguration section */
		AAA938A91D67605F009EDA35 /* Debug */ = {
			isa = XCBuildConfiguration;
			buildSettings = {
				ALWAYS_SEARCH_USER_PATHS = NO;
				CLANG_ANALYZER_NONNULL = YES;
				CLANG_CXX_LANGUAGE_STANDARD = "gnu++0x";
				CLANG_CXX_LIBRARY = "libc++";
				CLANG_ENABLE_MODULES = YES;
				CLANG_ENABLE_OBJC_ARC = YES;
				CLANG_WARN_BOOL_CONVERSION = YES;
				CLANG_WARN_CONSTANT_CONVERSION = YES;
				CLANG_WARN_DIRECT_OBJC_ISA_USAGE = YES_ERROR;
				CLANG_WARN_EMPTY_BODY = YES;
				CLANG_WARN_ENUM_CONVERSION = YES;
				CLANG_WARN_INT_CONVERSION = YES;
				CLANG_WARN_OBJC_ROOT_CLASS = YES_ERROR;
				CLANG_WARN_UNREACHABLE_CODE = YES;
				CLANG_WARN__DUPLICATE_METHOD_MATCH = YES;
				"CODE_SIGN_IDENTITY[sdk=iphoneos*]" = "iPhone Developer";
				COPY_PHASE_STRIP = NO;
				DEBUG_INFORMATION_FORMAT = dwarf;
				ENABLE_STRICT_OBJC_MSGSEND = YES;
				ENABLE_TESTABILITY = YES;
				GCC_C_LANGUAGE_STANDARD = gnu99;
				GCC_DYNAMIC_NO_PIC = NO;
				GCC_NO_COMMON_BLOCKS = YES;
				GCC_OPTIMIZATION_LEVEL = 0;
				GCC_PREPROCESSOR_DEFINITIONS = (
					"DEBUG=1",
					"$(inherited)",
				);
				GCC_WARN_64_TO_32_BIT_CONVERSION = YES;
				GCC_WARN_ABOUT_RETURN_TYPE = YES_ERROR;
				GCC_WARN_UNDECLARED_SELECTOR = YES;
				GCC_WARN_UNINITIALIZED_AUTOS = YES_AGGRESSIVE;
				GCC_WARN_UNUSED_FUNCTION = YES;
				GCC_WARN_UNUSED_VARIABLE = YES;
				IPHONEOS_DEPLOYMENT_TARGET = 9.3;
				MTL_ENABLE_DEBUG_INFO = YES;
				ONLY_ACTIVE_ARCH = YES;
				SDKROOT = iphoneos;
				SWIFT_OPTIMIZATION_LEVEL = "-Onone";
			};
			name = Debug;
		};
		AAA938AA1D67605F009EDA35 /* Release */ = {
			isa = XCBuildConfiguration;
			buildSettings = {
				ALWAYS_SEARCH_USER_PATHS = NO;
				CLANG_ANALYZER_NONNULL = YES;
				CLANG_CXX_LANGUAGE_STANDARD = "gnu++0x";
				CLANG_CXX_LIBRARY = "libc++";
				CLANG_ENABLE_MODULES = YES;
				CLANG_ENABLE_OBJC_ARC = YES;
				CLANG_WARN_BOOL_CONVERSION = YES;
				CLANG_WARN_CONSTANT_CONVERSION = YES;
				CLANG_WARN_DIRECT_OBJC_ISA_USAGE = YES_ERROR;
				CLANG_WARN_EMPTY_BODY = YES;
				CLANG_WARN_ENUM_CONVERSION = YES;
				CLANG_WARN_INT_CONVERSION = YES;
				CLANG_WARN_OBJC_ROOT_CLASS = YES_ERROR;
				CLANG_WARN_UNREACHABLE_CODE = YES;
				CLANG_WARN__DUPLICATE_METHOD_MATCH = YES;
				"CODE_SIGN_IDENTITY[sdk=iphoneos*]" = "iPhone Developer";
				COPY_PHASE_STRIP = NO;
				DEBUG_INFORMATION_FORMAT = "dwarf-with-dsym";
				ENABLE_NS_ASSERTIONS = NO;
				ENABLE_STRICT_OBJC_MSGSEND = YES;
				GCC_C_LANGUAGE_STANDARD = gnu99;
				GCC_NO_COMMON_BLOCKS = YES;
				GCC_WARN_64_TO_32_BIT_CONVERSION = YES;
				GCC_WARN_ABOUT_RETURN_TYPE = YES_ERROR;
				GCC_WARN_UNDECLARED_SELECTOR = YES;
				GCC_WARN_UNINITIALIZED_AUTOS = YES_AGGRESSIVE;
				GCC_WARN_UNUSED_FUNCTION = YES;
				GCC_WARN_UNUSED_VARIABLE = YES;
				IPHONEOS_DEPLOYMENT_TARGET = 9.3;
				MTL_ENABLE_DEBUG_INFO = NO;
				SDKROOT = iphoneos;
				VALIDATE_PRODUCT = YES;
			};
			name = Release;
		};
		AAA938AC1D67605F009EDA35 /* Debug */ = {
			isa = XCBuildConfiguration;
			buildSettings = {
				ASSETCATALOG_COMPILER_APPICON_NAME = AppIcon;
				INFOPLIST_FILE = iOSFun/Info.plist;
				LD_RUNPATH_SEARCH_PATHS = "$(inherited) @executable_path/Frameworks";
				PRODUCT_BUNDLE_IDENTIFIER = com.patdale.iOSFun;
				PRODUCT_NAME = "$(TARGET_NAME)";
			};
			name = Debug;
		};
		AAA938AD1D67605F009EDA35 /* Release */ = {
			isa = XCBuildConfiguration;
			buildSettings = {
				ASSETCATALOG_COMPILER_APPICON_NAME = AppIcon;
				INFOPLIST_FILE = iOSFun/Info.plist;
				LD_RUNPATH_SEARCH_PATHS = "$(inherited) @executable_path/Frameworks";
				PRODUCT_BUNDLE_IDENTIFIER = com.patdale.iOSFun;
				PRODUCT_NAME = "$(TARGET_NAME)";
			};
			name = Release;
		};
		AAA938AF1D67605F009EDA35 /* Debug */ = {
			isa = XCBuildConfiguration;
			buildSettings = {
				BUNDLE_LOADER = "$(TEST_HOST)";
				INFOPLIST_FILE = iOSFunTests/Info.plist;
				LD_RUNPATH_SEARCH_PATHS = "$(inherited) @executable_path/Frameworks @loader_path/Frameworks";
				PRODUCT_BUNDLE_IDENTIFIER = com.patdale.iOSFunTests;
				PRODUCT_NAME = "$(TARGET_NAME)";
				TEST_HOST = "$(BUILT_PRODUCTS_DIR)/iOSFun.app/iOSFun";
			};
			name = Debug;
		};
		AAA938B01D67605F009EDA35 /* Release */ = {
			isa = XCBuildConfiguration;
			buildSettings = {
				BUNDLE_LOADER = "$(TEST_HOST)";
				INFOPLIST_FILE = iOSFunTests/Info.plist;
				LD_RUNPATH_SEARCH_PATHS = "$(inherited) @executable_path/Frameworks @loader_path/Frameworks";
				PRODUCT_BUNDLE_IDENTIFIER = com.patdale.iOSFunTests;
				PRODUCT_NAME = "$(TARGET_NAME)";
				TEST_HOST = "$(BUILT_PRODUCTS_DIR)/iOSFun.app/iOSFun";
			};
			name = Release;
		};
/* End XCBuildConfiguration section */

/* Begin XCConfigurationList section */
		AAA938891D67605E009EDA35 /* Build configuration list for PBXProject "iOSFun" */ = {
			isa = XCConfigurationList;
			buildConfigurations = (
				AAA938A91D67605F009EDA35 /* Debug */,
				AAA938AA1D67605F009EDA35 /* Release */,
			);
			defaultConfigurationIsVisible = 0;
			defaultConfigurationName = Release;
		};
		AAA938AB1D67605F009EDA35 /* Build configuration list for PBXNativeTarget "iOSFun" */ = {
			isa = XCConfigurationList;
			buildConfigurations = (
				AAA938AC1D67605F009EDA35 /* Debug */,
				AAA938AD1D67605F009EDA35 /* Release */,
			);
			defaultConfigurationIsVisible = 0;
		};
		AAA938AE1D67605F009EDA35 /* Build configuration list for PBXNativeTarget "iOSFunTests" */ = {
			isa = XCConfigurationList;
			buildConfigurations = (
				AAA938AF1D67605F009EDA35 /* Debug */,
				AAA938B01D67605F009EDA35 /* Release */,
			);
			defaultConfigurationIsVisible = 0;
		};
/* End XCConfigurationList section */
	};
	rootObject = AAA938861D67605E009EDA35 /* Project object */;
}
